
Microsoft Visual Studio Solution File, Format Version 12.00
Project("{FAE04EC0-301F-11D3-BF4B-00C04F79EFBC}") = "SonarSweep", "SonarSweep\SonarSweep.csproj", "{659D1654-62EC-4796-A327-19D918EEB29B}"
EndProject
Project("{FAE04EC0-301F-11D3-BF4B-00C04F79EFBC}") = "Dive", "Dive\Dive.csproj", "{FD822940-4317-4D8F-B4EC-078D3AC1E529}"
EndProject
Project("{FAE04EC0-301F-11D3-BF4B-00C04F79EFBC}") = "BinaryDiagnostic", "BinaryDiagnostic\BinaryDiagnostic.csproj", "{C8EB25E0-248B-4688-9335-E91CBA794345}"
EndProject
Project("{FAE04EC0-301F-11D3-BF4B-00C04F79EFBC}") = "GiantSquid", "GiantSquid\GiantSquid.csproj", "{000A9680-3E4C-4777-80B2-E5844FBCBF94}"
EndProject
Project("{FAE04EC0-301F-11D3-BF4B-00C04F79EFBC}") = "HydrothermalVenture", "HydrothermalVenture\HydrothermalVenture.csproj", "{0C2F8BEF-38F4-47FD-B576-911F688A2130}"
EndProject
Project("{FAE04EC0-301F-11D3-BF4B-00C04F79EFBC}") = "LanternFish", "LanternFish\LanternFish.csproj", "{9C926139-E24B-4F8B-A586-97DF01BFBAD6}"
EndProject
Project("{FAE04EC0-301F-11D3-BF4B-00C04F79EFBC}") = "TheTreacheryOfWhales", "TheTreacheryOfWhales\TheTreacheryOfWhales.csproj", "{55CB2E28-DAA6-40FD-BA07-52816E06DD5A}"
EndProject
Project("{FAE04EC0-301F-11D3-BF4B-00C04F79EFBC}") = "SevenSegmentSearch", "SevenSegmentSearch\SevenSegmentSearch.csproj", "{B1434E6B-B9B5-4626-8C10-7C38CBFDA728}"
EndProject
Global
	GlobalSection(SolutionConfigurationPlatforms) = preSolution
		Debug|Any CPU = Debug|Any CPU
		Release|Any CPU = Release|Any CPU
	EndGlobalSection
	GlobalSection(ProjectConfigurationPlatforms) = postSolution
		{659D1654-62EC-4796-A327-19D918EEB29B}.Debug|Any CPU.ActiveCfg = Debug|Any CPU
		{659D1654-62EC-4796-A327-19D918EEB29B}.Debug|Any CPU.Build.0 = Debug|Any CPU
		{659D1654-62EC-4796-A327-19D918EEB29B}.Release|Any CPU.ActiveCfg = Release|Any CPU
		{659D1654-62EC-4796-A327-19D918EEB29B}.Release|Any CPU.Build.0 = Release|Any CPU
		{FD822940-4317-4D8F-B4EC-078D3AC1E529}.Debug|Any CPU.ActiveCfg = Debug|Any CPU
		{FD822940-4317-4D8F-B4EC-078D3AC1E529}.Debug|Any CPU.Build.0 = Debug|Any CPU
		{FD822940-4317-4D8F-B4EC-078D3AC1E529}.Release|Any CPU.ActiveCfg = Release|Any CPU
		{FD822940-4317-4D8F-B4EC-078D3AC1E529}.Release|Any CPU.Build.0 = Release|Any CPU
		{C8EB25E0-248B-4688-9335-E91CBA794345}.Debug|Any CPU.ActiveCfg = Debug|Any CPU
		{C8EB25E0-248B-4688-9335-E91CBA794345}.Debug|Any CPU.Build.0 = Debug|Any CPU
		{C8EB25E0-248B-4688-9335-E91CBA794345}.Release|Any CPU.ActiveCfg = Release|Any CPU
		{C8EB25E0-248B-4688-9335-E91CBA794345}.Release|Any CPU.Build.0 = Release|Any CPU
		{000A9680-3E4C-4777-80B2-E5844FBCBF94}.Debug|Any CPU.ActiveCfg = Debug|Any CPU
		{000A9680-3E4C-4777-80B2-E5844FBCBF94}.Debug|Any CPU.Build.0 = Debug|Any CPU
		{000A9680-3E4C-4777-80B2-E5844FBCBF94}.Release|Any CPU.ActiveCfg = Release|Any CPU
		{000A9680-3E4C-4777-80B2-E5844FBCBF94}.Release|Any CPU.Build.0 = Release|Any CPU
		{0C2F8BEF-38F4-47FD-B576-911F688A2130}.Debug|Any CPU.ActiveCfg = Debug|Any CPU
		{0C2F8BEF-38F4-47FD-B576-911F688A2130}.Debug|Any CPU.Build.0 = Debug|Any CPU
		{0C2F8BEF-38F4-47FD-B576-911F688A2130}.Release|Any CPU.ActiveCfg = Release|Any CPU
		{0C2F8BEF-38F4-47FD-B576-911F688A2130}.Release|Any CPU.Build.0 = Release|Any CPU
		{9C926139-E24B-4F8B-A586-97DF01BFBAD6}.Debug|Any CPU.ActiveCfg = Debug|Any CPU
		{9C926139-E24B-4F8B-A586-97DF01BFBAD6}.Debug|Any CPU.Build.0 = Debug|Any CPU
		{9C926139-E24B-4F8B-A586-97DF01BFBAD6}.Release|Any CPU.ActiveCfg = Release|Any CPU
		{9C926139-E24B-4F8B-A586-97DF01BFBAD6}.Release|Any CPU.Build.0 = Release|Any CPU
		{55CB2E28-DAA6-40FD-BA07-52816E06DD5A}.Debug|Any CPU.ActiveCfg = Debug|Any CPU
		{55CB2E28-DAA6-40FD-BA07-52816E06DD5A}.Debug|Any CPU.Build.0 = Debug|Any CPU
		{55CB2E28-DAA6-40FD-BA07-52816E06DD5A}.Release|Any CPU.ActiveCfg = Release|Any CPU
		{55CB2E28-DAA6-40FD-BA07-52816E06DD5A}.Release|Any CPU.Build.0 = Release|Any CPU
		{B1434E6B-B9B5-4626-8C10-7C38CBFDA728}.Debug|Any CPU.ActiveCfg = Debug|Any CPU
		{B1434E6B-B9B5-4626-8C10-7C38CBFDA728}.Debug|Any CPU.Build.0 = Debug|Any CPU
		{B1434E6B-B9B5-4626-8C10-7C38CBFDA728}.Release|Any CPU.ActiveCfg = Release|Any CPU
		{B1434E6B-B9B5-4626-8C10-7C38CBFDA728}.Release|Any CPU.Build.0 = Release|Any CPU
	EndGlobalSection
EndGlobal
